version = 1
revision = 2
requires-python = ">=3.8"
resolution-markers = [
    "python_full_version >= '3.9'",
    "python_full_version < '3.9'",
]

[[package]]
name = "context-dep"
version = "0.1.1"
source = { editable = "." }
dependencies = [
    { name = "dony" },
    { name = "marklidenberg-donyfiles" },
]

[package.dev-dependencies]
dev = [
    { name = "dony" },
    { name = "marklidenberg-donyfiles" },
]

[package.metadata]
requires-dist = [
    { name = "dony", specifier = ">=0.5.1" },
    { name = "marklidenberg-donyfiles", specifier = ">=0.3.2" },
]

[package.metadata.requires-dev]
dev = [
    { name = "dony", specifier = ">=0.2.1" },
    { name = "marklidenberg-donyfiles", specifier = ">=0.3.0" },
]

[[package]]
name = "dony"
version = "0.5.1"
source = { registry = "https://pypi.org/simple" }
dependencies = [
    { name = "questionary", version = "2.1.0", source = { registry = "https://pypi.org/simple" }, marker = "python_full_version < '3.9'" },
    { name = "questionary", version = "2.1.1", source = { registry = "https://pypi.org/simple" }, marker = "python_full_version >= '3.9'" },
]
sdist = { url = "https://files.pythonhosted.org/packages/b5/b1/2d9043e1dd92c2e47842bb8d9adde9d64071a99d0e647707eb2b112a198d/dony-0.5.1.tar.gz", hash = "sha256:7011d1180784184e24650479ea5b83975398ceca11ab6ae9de2794fcd494ee9f", size = 47265, upload-time = "2026-01-09T15:01:33.985Z" }
wheels = [
    { url = "https://files.pythonhosted.org/packages/64/7c/ca607879c515765b43962a7c92fda344b795941886c99ce92675a95c5c4e/dony-0.5.1-py3-none-any.whl", hash = "sha256:3c1abbabb58d42d904bdf7602809e47af8e42d9c89ce15c7a6930eb576a7e8cf", size = 14325, upload-time = "2026-01-09T15:01:32.478Z" },
]

[[package]]
name = "marklidenberg-donyfiles"
version = "0.4.0"
source = { registry = "https://pypi.org/simple" }
dependencies = [
    { name = "dony" },
]
sdist = { url = "https://files.pythonhosted.org/packages/35/97/038a96ece3cf020b768c942f9110707d2d6b77198edd511f302b78d887a2/marklidenberg_donyfiles-0.4.0.tar.gz", hash = "sha256:059b40ef2dff01620f97b583b131c2e6f84c9b763c568c559ea79aff87b20cb6", size = 50325, upload-time = "2026-01-09T15:23:30.113Z" }
wheels = [
    { url = "https://files.pythonhosted.org/packages/02/c5/b5fcc58ba17576c13e1a6f9e3c9599604871339d6b388a2a46255bc0d482/marklidenberg_donyfiles-0.4.0-py3-none-any.whl", hash = "sha256:5f22460196df7b45b3f781a71ea4940368217a723ab360f0b40eb8938f228b3f", size = 6777, upload-time = "2026-01-09T15:23:28.689Z" },
]

[[package]]
name = "prompt-toolkit"
version = "3.0.52"
source = { registry = "https://pypi.org/simple" }
dependencies = [
    { name = "wcwidth" },
]
sdist = { url = "https://files.pythonhosted.org/packages/a1/96/06e01a7b38dce6fe1db213e061a4602dd6032a8a97ef6c1a862537732421/prompt_toolkit-3.0.52.tar.gz", hash = "sha256:28cde192929c8e7321de85de1ddbe736f1375148b02f2e17edd840042b1be855", size = 434198, upload-time = "2025-08-27T15:24:02.057Z" }
wheels = [
    { url = "https://files.pythonhosted.org/packages/84/03/0d3ce49e2505ae70cf43bc5bb3033955d2fc9f932163e84dc0779cc47f48/prompt_toolkit-3.0.52-py3-none-any.whl", hash = "sha256:9aac639a3bbd33284347de5ad8d68ecc044b91a762dc39b7c21095fcd6a19955", size = 391431, upload-time = "2025-08-27T15:23:59.498Z" },
]

[[package]]
name = "questionary"
version = "2.1.0"
source = { registry = "https://pypi.org/simple" }
resolution-markers = [
    "python_full_version < '3.9'",
]
dependencies = [
    { name = "prompt-toolkit", marker = "python_full_version < '3.9'" },
]
sdist = { url = "https://files.pythonhosted.org/packages/a8/b8/d16eb579277f3de9e56e5ad25280fab52fc5774117fb70362e8c2e016559/questionary-2.1.0.tar.gz", hash = "sha256:6302cdd645b19667d8f6e6634774e9538bfcd1aad9be287e743d96cacaf95587", size = 26775, upload-time = "2024-12-29T11:49:17.802Z" }
wheels = [
    { url = "https://files.pythonhosted.org/packages/ad/3f/11dd4cd4f39e05128bfd20138faea57bec56f9ffba6185d276e3107ba5b2/questionary-2.1.0-py3-none-any.whl", hash = "sha256:44174d237b68bc828e4878c763a9ad6790ee61990e0ae72927694ead57bab8ec", size = 36747, upload-time = "2024-12-29T11:49:16.734Z" },
]

[[package]]
name = "questionary"
version = "2.1.1"
source = { registry = "https://pypi.org/simple" }
resolution-markers = [
    "python_full_version >= '3.9'",
]
dependencies = [
    { name = "prompt-toolkit", marker = "python_full_version >= '3.9'" },
]
sdist = { url = "https://files.pythonhosted.org/packages/f6/45/eafb0bba0f9988f6a2520f9ca2df2c82ddfa8d67c95d6625452e97b204a5/questionary-2.1.1.tar.gz", hash = "sha256:3d7e980292bb0107abaa79c68dd3eee3c561b83a0f89ae482860b181c8bd412d", size = 25845, upload-time = "2025-08-28T19:00:20.851Z" }
wheels = [
    { url = "https://files.pythonhosted.org/packages/3c/26/1062c7ec1b053db9e499b4d2d5bc231743201b74051c973dadeac80a8f43/questionary-2.1.1-py3-none-any.whl", hash = "sha256:a51af13f345f1cdea62347589fbb6df3b290306ab8930713bfae4d475a7d4a59", size = 36753, upload-time = "2025-08-28T19:00:19.56Z" },
]

[[package]]
name = "wcwidth"
version = "0.2.14"
source = { registry = "https://pypi.org/simple" }
sdist = { url = "https://files.pythonhosted.org/packages/24/30/6b0809f4510673dc723187aeaf24c7f5459922d01e2f794277a3dfb90345/wcwidth-0.2.14.tar.gz", hash = "sha256:4d478375d31bc5395a3c55c40ccdf3354688364cd61c4f6adacaa9215d0b3605", size = 102293, upload-time = "2025-09-22T16:29:53.023Z" }
wheels = [
    { url = "https://files.pythonhosted.org/packages/af/b5/123f13c975e9f27ab9c0770f514345bd406d0e8d3b7a0723af9d43f710af/wcwidth-0.2.14-py2.py3-none-any.whl", hash = "sha256:a7bb560c8aee30f9957e5f9895805edd20602f2d7f720186dfd906e82b4982e1", size = 37286, upload-time = "2025-09-22T16:29:51.641Z" },
]
